// !$*UTF8*$!
{
	archiveVersion = 1;
	classes = {
	};
	objectVersion = 77;
	objects = {

/* Begin PBXContainerItemProxy section */
		BFD29D8B2F9F16BD007D4019 /* PBXContainerItemProxy */ = {
			isa = PBXContainerItemProxy;
			containerPortal = BFD29D712F9F16B9007D4019 /* Project object */;
			proxyType = 1;
			remoteGlobalIDString = BFD29D782F9F16B9007D4019;
			remoteInfo = SLJJUK;
		};
		BFD29D952F9F16BD007D4019 /* PBXContainerItemProxy */ = {
			isa = PBXContainerItemProxy;
			containerPortal = BFD29D712F9F16B9007D4019 /* Project object */;
			proxyType = 1;
			remoteGlobalIDString = BFD29D782F9F16B9007D4019;
			remoteInfo = SLJJUK;
		};
/* End PBXContainerItemProxy section */

/* Begin PBXFileReference section */
		BFD29D792F9F16B9007D4019 /* SLJJUK.app */ = {isa = PBXFileReference; explicitFileType = wrapper.application; includeInIndex = 0; path = SLJJUK.app; sourceTree = BUILT_PRODUCTS_DIR; };
		BFD29D8A2F9F16BD007D4019 /* SLJJUKTests.xctest */ = {isa = PBXFileReference; explicitFileType = wrapper.cfbundle; includeInIndex = 0; path = SLJJUKTests.xctest; sourceTree = BUILT_PRODUCTS_DIR; };
		BFD29D942F9F16BD007D4019 /* SLJJUKUITests.xctest */ = {isa = PBXFileReference; explicitFileType = wrapper.cfbundle; includeInIndex = 0; path = SLJJUKUITests.xctest; sourceTree = BUILT_PRODUCTS_DIR; };
/* End PBXFileReference section */

/* Begin PBXFileSystemSynchronizedRootGroup section */
		BFD29D7B2F9F16B9007D4019 /* SLJJUK */ = {
			isa = PBXFileSystemSynchronizedRootGroup;
			path = SLJJUK;
			sourceTree = "<group>";
		};
		BFD29D8D2F9F16BD007D4019 /* SLJJUKTests */ = {
			isa = PBXFileSystemSynchronizedRootGroup;
			path = SLJJUKTests;
			sourceTree = "<group>";
		};
		BFD29D972F9F16BD007D4019 /* SLJJUKUITests */ = {
			isa = PBXFileSystemSynchronizedRootGroup;
			path = SLJJUKUITests;
			sourceTree = "<group>";
		};
/* End PBXFileSystemSynchronizedRootGroup section */

/* Begin PBXFrameworksBuildPhase section */
		BFD29D762F9F16B9007D4019 /* Frameworks */ = {
			isa = PBXFrameworksBuildPhase;
			buildActionMask = 2147483647;
			files = (
			);
			runOnlyForDeploymentPostprocessing = 0;
		};
		BFD29D872F9F16BD007D4019 /* Frameworks */ = {
			isa = PBXFrameworksBuildPhase;
			buildActionMask = 2147483647;
			files = (
			);
			runOnlyForDeploymentPostprocessing = 0;
		};
		BFD29D912F9F16BD007D4019 /* Frameworks */ = {
			isa = PBXFrameworksBuildPhase;
			buildActionMask = 2147483647;
			files = (
			);
			runOnlyForDeploymentPostprocessing = 0;
		};
/* End PBXFrameworksBuildPhase section */

/* Begin PBXGroup section */
		BFD29D702F9F16B9007D4019 = {
			isa = PBXGroup;
			children = (
				BFD29D7B2F9F16B9007D4019 /* SLJJUK */,
				BFD29D8D2F9F16BD007D4019 /* SLJJUKTests */,
				BFD29D972F9F16BD007D4019 /* SLJJUKUITests */,
				BFD29D7A2F9F16B9007D4019 /* Products */,
			);
			sourceTree = "<group>";
		};
		BFD29D7A2F9F16B9007D4019 /* Products */ = {
			isa = PBXGroup;
			children = (
				BFD29D792F9F16B9007D4019 /* SLJJUK.app */,
				BFD29D8A2F9F16BD007D4019 /* SLJJUKTests.xctest */,
				BFD29D942F9F16BD007D4019 /* SLJJUKUITests.xctest */,
			);
			name = Products;
			sourceTree = "<group>";
		};
/* End PBXGroup section */

/* Begin PBXNativeTarget section */
		BFD29D782F9F16B9007D4019 /* SLJJUK */ = {
			isa = PBXNativeTarget;
			buildConfigurationList = BFD29D9E2F9F16BD007D4019 /* Build configuration list for PBXNativeTarget "SLJJUK" */;
			buildPhases = (
				BFD29D752F9F16B9007D4019 /* Sources */,
				BFD29D762F9F16B9007D4019 /* Frameworks */,
				BFD29D772F9F16B9007D4019 /* Resources */,
			);
			buildRules = (
			);
			dependencies = (
			);
			fileSystemSynchronizedGroups = (
				BFD29D7B2F9F16B9007D4019 /* SLJJUK */,
			);
			name = SLJJUK;
			packageProductDependencies = (
			);
			productName = SLJJUK;
			productReference = BFD29D792F9F16B9007D4019 /* SLJJUK.app */;
			productType = "com.apple.product-type.application";
		};
		BFD29D892F9F16BD007D4019 /* SLJJUKTests */ = {
			isa = PBXNativeTarget;
			buildConfigurationList = BFD29DA12F9F16BD007D4019 /* Build configuration list for PBXNativeTarget "SLJJUKTests" */;
			buildPhases = (
				BFD29D862F9F16BD007D4019 /* Sources */,
				BFD29D872F9F16BD007D4019 /* Frameworks */,
				BFD29D882F9F16BD007D4019 /* Resources */,
			);
			buildRules = (
			);
			dependencies = (
				BFD29D8C2F9F16BD007D4019 /* PBXTargetDependency */,
			);
			fileSystemSynchronizedGroups = (
				BFD29D8D2F9F16BD007D4019 /* SLJJUKTests */,
			);
			name = SLJJUKTests;
			packageProductDependencies = (
			);
			productName = SLJJUKTests;
			productReference = BFD29D8A2F9F16BD007D4019 /* SLJJUKTests.xctest */;
			productType = "com.apple.product-type.bundle.unit-test";
		};
		BFD29D932F9F16BD007D4019 /* SLJJUKUITests */ = {
			isa = PBXNativeTarget;
			buildConfigurationList = BFD29DA42F9F16BD007D4019 /* Build configuration list for PBXNativeTarget "SLJJUKUITests" */;
			buildPhases = (
				BFD29D902F9F16BD007D4019 /* Sources */,
				BFD29D912F9F16BD007D4019 /* Frameworks */,
				BFD29D922F9F16BD007D4019 /* Resources */,
			);
			buildRules = (
			);
			dependencies = (
				BFD29D962F9F16BD007D4019 /* PBXTargetDependency */,
			);
			fileSystemSynchronizedGroups = (
				BFD29D972F9F16BD007D4019 /* SLJJUKUITests */,
			);
			name = SLJJUKUITests;
			packageProductDependencies = (
			);
			productName = SLJJUKUITests;
			productReference = BFD29D942F9F16BD007D4019 /* SLJJUKUITests.xctest */;
			productType = "com.apple.product-type.bundle.ui-testing";
		};
/* End PBXNativeTarget section */

/* Begin PBXProject section */
		BFD29D712F9F16B9007D4019 /* Project object */ = {
			isa = PBXProject;
			attributes = {
				BuildIndependentTargetsInParallel = 1;
				LastSwiftUpdateCheck = 1620;
				LastUpgradeCheck = 1620;
				TargetAttributes = {
					BFD29D782F9F16B9007D4019 = {
						CreatedOnToolsVersion = 16.2;
					};
					BFD29D892F9F16BD007D4019 = {
						CreatedOnToolsVersion = 16.2;
						TestTargetID = BFD29D782F9F16B9007D4019;
					};
					BFD29D932F9F16BD007D4019 = {
						CreatedOnToolsVersion = 16.2;
						TestTargetID = BFD29D782F9F16B9007D4019;
					};
				};
			};
			buildConfigurationList = BFD29D742F9F16B9007D4019 /* Build configuration list for PBXProject "SLJJUK" */;
			developmentRegion = en;
			hasScannedForEncodings = 0;
			knownRegions = (
				en,
				Base,
			);
			mainGroup = BFD29D702F9F16B9007D4019;
			minimizedProjectReferenceProxies = 1;
			preferredProjectObjectVersion = 77;
			productRefGroup = BFD29D7A2F9F16B9007D4019 /* Products */;
			projectDirPath = "";
			projectRoot = "";
			targets = (
				BFD29D782F9F16B9007D4019 /* SLJJUK */,
				BFD29D892F9F16BD007D4019 /* SLJJUKTests */,
				BFD29D932F9F16BD007D4019 /* SLJJUKUITests */,
			);
		};
/* End PBXProject section */

/* Begin PBXResourcesBuildPhase section */
		BFD29D772F9F16B9007D4019 /* Resources */ = {
			isa = PBXResourcesBuildPhase;
			buildActionMask = 2147483647;
			files = (
			);
			runOnlyForDeploymentPostprocessing = 0;
		};
		BFD29D882F9F16BD007D4019 /* Resources */ = {
			isa = PBXResourcesBuildPhase;
			buildActionMask = 2147483647;
			files = (
			);
			runOnlyForDeploymentPostprocessing = 0;
		};
		BFD29D922F9F16BD007D4019 /* Resources */ = {
			isa = PBXResourcesBuildPhase;
			buildActionMask = 2147483647;
			files = (
			);
			runOnlyForDeploymentPostprocessing = 0;
		};
/* End PBXResourcesBuildPhase section */

/* Begin PBXSourcesBuildPhase section */
		BFD29D752F9F16B9007D4019 /* Sources */ = {
			isa = PBXSourcesBuildPhase;
			buildActionMask = 2147483647;
			files = (
			);
			runOnlyForDeploymentPostprocessing = 0;
		};
		BFD29D862F9F16BD007D4019 /* Sources */ = {
			isa = PBXSourcesBuildPhase;
			buildActionMask = 2147483647;
			files = (
			);
			runOnlyForDeploymentPostprocessing = 0;
		};
		BFD29D902F9F16BD007D4019 /* Sources */ = {
			isa = PBXSourcesBuildPhase;
			buildActionMask = 2147483647;
			files = (
			);
			runOnlyForDeploymentPostprocessing = 0;
		};
/* End PBXSourcesBuildPhase section */

/* Begin PBXTargetDependency section */
		BFD29D8C2F9F16BD007D4019 /* PBXTargetDependency */ = {
			isa = PBXTargetDependency;
			target = BFD29D782F9F16B9007D4019 /* SLJJUK */;
			targetProxy = BFD29D8B2F9F16BD007D4019 /* PBXContainerItemProxy */;
		};
		BFD29D962F9F16BD007D4019 /* PBXTargetDependency */ = {
			isa = PBXTargetDependency;
			target = BFD29D782F9F16B9007D4019 /* SLJJUK */;
			targetProxy = BFD29D952F9F16BD007D4019 /* PBXContainerItemProxy */;
		};
/* End PBXTargetDependency section */

/* Begin XCBuildConfiguration section */
		BFD29D9C2F9F16BD007D4019 /* Debug */ = {
			isa = XCBuildConfiguration;
			buildSettings = {
				ALWAYS_SEARCH_USER_PATHS = NO;
				ASSETCATALOG_COMPILER_GENERATE_SWIFT_ASSET_SYMBOL_EXTENSIONS = YES;
				CLANG_ANALYZER_NONNULL = YES;
				CLANG_ANALYZER_NUMBER_OBJECT_CONVERSION = YES_AGGRESSIVE;
				CLANG_CXX_LANGUAGE_STANDARD = "gnu++20";
				CLANG_ENABLE_MODULES = YES;
				CLANG_ENABLE_OBJC_ARC = YES;
				CLANG_ENABLE_OBJC_WEAK = YES;
				CLANG_WARN_BLOCK_CAPTURE_AUTORELEASING = YES;
				CLANG_WARN_BOOL_CONVERSION = YES;
				CLANG_WARN_COMMA = YES;
				CLANG_WARN_CONSTANT_CONVERSION = YES;
				CLANG_WARN_DEPRECATED_OBJC_IMPLEMENTATIONS = YES;
				CLANG_WARN_DIRECT_OBJC_ISA_USAGE = YES_ERROR;
				CLANG_WARN_DOCUMENTATION_COMMENTS = YES;
				CLANG_WARN_EMPTY_BODY = YES;
				CLANG_WARN_ENUM_CONVERSION = YES;
				CLANG_WARN_INFINITE_RECURSION = YES;
				CLANG_WARN_INT_CONVERSION = YES;
				CLANG_WARN_NON_LITERAL_NULL_CONVERSION = YES;
				CLANG_WARN_OBJC_IMPLICIT_RETAIN_SELF = YES;
				CLANG_WARN_OBJC_LITERAL_CONVERSION = YES;
				CLANG_WARN_OBJC_ROOT_CLASS = YES_ERROR;
				CLANG_WARN_QUOTED_INCLUDE_IN_FRAMEWORK_HEADER = YES;
				CLANG_WARN_RANGE_LOOP_ANALYSIS = YES;
				CLANG_WARN_STRICT_PROTOTYPES = YES;
				CLANG_WARN_SUSPICIOUS_MOVE = YES;
				CLANG_WARN_UNGUARDED_AVAILABILITY = YES_AGGRESSIVE;
				CLANG_WARN_UNREACHABLE_CODE = YES;
				CLANG_WARN__DUPLICATE_METHOD_MATCH = YES;
				COPY_PHASE_STRIP = NO;
				DEBUG_INFORMATION_FORMAT = dwarf;
				ENABLE_STRICT_OBJC_MSGSEND = YES;
				ENABLE_TESTABILITY = YES;
				ENABLE_USER_SCRIPT_SANDBOXING = YES;
				GCC_C_LANGUAGE_STANDARD = gnu17;
				GCC_DYNAMIC_NO_PIC = NO;
				GCC_NO_COMMON_BLOCKS = YES;
				GCC_OPTIMIZATION_LEVEL = 0;
				GCC_PREPROCESSOR_DEFINITIONS = (
					"DEBUG=1",
					"$(inherited)",
				);
				GCC_WARN_64_TO_32_BIT_CONVERSION = YES;
				GCC_WARN_ABOUT_RETURN_TYPE = YES_ERROR;
				GCC_WARN_UNDECLARED_SELECTOR = YES;
				GCC_WARN_UNINITIALIZED_AUTOS = YES_AGGRESSIVE;
				GCC_WARN_UNUSED_FUNCTION = YES;
				GCC_WARN_UNUSED_VARIABLE = YES;
				LOCALIZATION_PREFERS_STRING_CATALOGS = YES;
				MACOSX_DEPLOYMENT_TARGET = 14.7;
				MTL_ENABLE_DEBUG_INFO = INCLUDE_SOURCE;
				MTL_FAST_MATH = YES;
				ONLY_ACTIVE_ARCH = YES;
				SDKROOT = macosx;
				SWIFT_ACTIVE_COMPILATION_CONDITIONS = "DEBUG $(inherited)";
				SWIFT_OPTIMIZATION_LEVEL = "-Onone";
			};
			name = Debug;
		};
		BFD29D9D2F9F16BD007D4019 /* Release */ = {
			isa = XCBuildConfiguration;
			buildSettings = {
				ALWAYS_SEARCH_USER_PATHS = NO;
				ASSETCATALOG_COMPILER_GENERATE_SWIFT_ASSET_SYMBOL_EXTENSIONS = YES;
				CLANG_ANALYZER_NONNULL = YES;
				CLANG_ANALYZER_NUMBER_OBJECT_CONVERSION = YES_AGGRESSIVE;
				CLANG_CXX_LANGUAGE_STANDARD = "gnu++20";
				CLANG_ENABLE_MODULES = YES;
				CLANG_ENABLE_OBJC_ARC = YES;
				CLANG_ENABLE_OBJC_WEAK = YES;
				CLANG_WARN_BLOCK_CAPTURE_AUTORELEASING = YES;
				CLANG_WARN_BOOL_CONVERSION = YES;
				CLANG_WARN_COMMA = YES;
				CLANG_WARN_CONSTANT_CONVERSION = YES;
				CLANG_WARN_DEPRECATED_OBJC_IMPLEMENTATIONS = YES;
				CLANG_WARN_DIRECT_OBJC_ISA_USAGE = YES_ERROR;
				CLANG_WARN_DOCUMENTATION_COMMENTS = YES;
				CLANG_WARN_EMPTY_BODY = YES;
				CLANG_WARN_ENUM_CONVERSION = YES;
				CLANG_WARN_INFINITE_RECURSION = YES;
				CLANG_WARN_INT_CONVERSION = YES;
				CLANG_WARN_NON_LITERAL_NULL_CONVERSION = YES;
				CLANG_WARN_OBJC_IMPLICIT_RETAIN_SELF = YES;
				CLANG_WARN_OBJC_LITERAL_CONVERSION = YES;
				CLANG_WARN_OBJC_ROOT_CLASS = YES_ERROR;
				CLANG_WARN_QUOTED_INCLUDE_IN_FRAMEWORK_HEADER = YES;
				CLANG_WARN_RANGE_LOOP_ANALYSIS = YES;
				CLANG_WARN_STRICT_PROTOTYPES = YES;
				CLANG_WARN_SUSPICIOUS_MOVE = YES;
				CLANG_WARN_UNGUARDED_AVAILABILITY = YES_AGGRESSIVE;
				CLANG_WARN_UNREACHABLE_CODE = YES;
				CLANG_WARN__DUPLICATE_METHOD_MATCH = YES;
				COPY_PHASE_STRIP = NO;
				DEBUG_INFORMATION_FORMAT = "dwarf-with-dsym";
				ENABLE_NS_ASSERTIONS = NO;
				ENABLE_STRICT_OBJC_MSGSEND = YES;
				ENABLE_USER_SCRIPT_SANDBOXING = YES;
				GCC_C_LANGUAGE_STANDARD = gnu17;
				GCC_NO_COMMON_BLOCKS = YES;
				GCC_WARN_64_TO_32_BIT_CONVERSION = YES;
				GCC_WARN_ABOUT_RETURN_TYPE = YES_ERROR;
				GCC_WARN_UNDECLARED_SELECTOR = YES;
				GCC_WARN_UNINITIALIZED_AUTOS = YES_AGGRESSIVE;
				GCC_WARN_UNUSED_FUNCTION = YES;
				GCC_WARN_UNUSED_VARIABLE = YES;
				LOCALIZATION_PREFERS_STRING_CATALOGS = YES;
				MACOSX_DEPLOYMENT_TARGET = 14.7;
				MTL_ENABLE_DEBUG_INFO = NO;
				MTL_FAST_MATH = YES;
				SDKROOT = macosx;
				SWIFT_COMPILATION_MODE = wholemodule;
			};
			name = Release;
		};
		BFD29D9F2F9F16BD007D4019 /* Debug */ = {
			isa = XCBuildConfiguration;
			buildSettings = {
				ASSETCATALOG_COMPILER_APPICON_NAME = AppIcon;
				ASSETCATALOG_COMPILER_GLOBAL_ACCENT_COLOR_NAME = AccentColor;
				CODE_SIGN_ENTITLEMENTS = SLJJUK/SLJJUK.entitlements;
				CODE_SIGN_STYLE = Automatic;
				COMBINE_HIDPI_IMAGES = YES;
				CURRENT_PROJECT_VERSION = 1;
				DEVELOPMENT_ASSET_PATHS = "\"SLJJUK/Preview Content\"";
				ENABLE_PREVIEWS = YES;
				GENERATE_INFOPLIST_FILE = YES;
				INFOPLIST_KEY_NSHumanReadableCopyright = "";
				LD_RUNPATH_SEARCH_PATHS = (
					"$(inherited)",
					"@executable_path/../Frameworks",
				);
				MARKETING_VERSION = 1.0;
				PRODUCT_BUNDLE_IDENTIFIER = punkbug.SLJJUK;
				PRODUCT_NAME = "$(TARGET_NAME)";
				SWIFT_EMIT_LOC_STRINGS = YES;
				SWIFT_VERSION = 5.0;
			};
			name = Debug;
		};
		BFD29DA02F9F16BD007D4019 /* Release */ = {
			isa = XCBuildConfiguration;
			buildSettings = {
				ASSETCATALOG_COMPILER_APPICON_NAME = AppIcon;
				ASSETCATALOG_COMPILER_GLOBAL_ACCENT_COLOR_NAME = AccentColor;
				CODE_SIGN_ENTITLEMENTS = SLJJUK/SLJJUK.entitlements;
				CODE_SIGN_STYLE = Automatic;
				COMBINE_HIDPI_IMAGES = YES;
				CURRENT_PROJECT_VERSION = 1;
				DEVELOPMENT_ASSET_PATHS = "\"SLJJUK/Preview Content\"";
				ENABLE_PREVIEWS = YES;
				GENERATE_INFOPLIST_FILE = YES;
				INFOPLIST_KEY_NSHumanReadableCopyright = "";
				LD_RUNPATH_SEARCH_PATHS = (
					"$(inherited)",
					"@executable_path/../Frameworks",
				);
				MARKETING_VERSION = 1.0;
				PRODUCT_BUNDLE_IDENTIFIER = punkbug.SLJJUK;
				PRODUCT_NAME = "$(TARGET_NAME)";
				SWIFT_EMIT_LOC_STRINGS = YES;
				SWIFT_VERSION = 5.0;
			};
			name = Release;
		};
		BFD29DA22F9F16BD007D4019 /* Debug */ = {
			isa = XCBuildConfiguration;
			buildSettings = {
				BUNDLE_LOADER = "$(TEST_HOST)";
				CODE_SIGN_STYLE = Automatic;
				CURRENT_PROJECT_VERSION = 1;
				GENERATE_INFOPLIST_FILE = YES;
				MACOSX_DEPLOYMENT_TARGET = 14.7;
				MARKETING_VERSION = 1.0;
				PRODUCT_BUNDLE_IDENTIFIER = punkbug.SLJJUKTests;
				PRODUCT_NAME = "$(TARGET_NAME)";
				SWIFT_EMIT_LOC_STRINGS = NO;
				SWIFT_VERSION = 5.0;
				TEST_HOST = "$(BUILT_PRODUCTS_DIR)/SLJJUK.app/$(BUNDLE_EXECUTABLE_FOLDER_PATH)/SLJJUK";
			};
			name = Debug;
		};
		BFD29DA32F9F16BD007D4019 /* Release */ = {
			isa = XCBuildConfiguration;
			buildSettings = {
				BUNDLE_LOADER = "$(TEST_HOST)";
				CODE_SIGN_STYLE = Automatic;
				CURRENT_PROJECT_VERSION = 1;
				GENERATE_INFOPLIST_FILE = YES;
				MACOSX_DEPLOYMENT_TARGET = 14.7;
				MARKETING_VERSION = 1.0;
				PRODUCT_BUNDLE_IDENTIFIER = punkbug.SLJJUKTests;
				PRODUCT_NAME = "$(TARGET_NAME)";
				SWIFT_EMIT_LOC_STRINGS = NO;
				SWIFT_VERSION = 5.0;
				TEST_HOST = "$(BUILT_PRODUCTS_DIR)/SLJJUK.app/$(BUNDLE_EXECUTABLE_FOLDER_PATH)/SLJJUK";
			};
			name = Release;
		};
		BFD29DA52F9F16BD007D4019 /* Debug */ = {
			isa = XCBuildConfiguration;
			buildSettings = {
				CODE_SIGN_STYLE = Automatic;
				CURRENT_PROJECT_VERSION = 1;
				GENERATE_INFOPLIST_FILE = YES;
				MARKETING_VERSION = 1.0;
				PRODUCT_BUNDLE_IDENTIFIER = punkbug.SLJJUKUITests;
				PRODUCT_NAME = "$(TARGET_NAME)";
				SWIFT_EMIT_LOC_STRINGS = NO;
				SWIFT_VERSION = 5.0;
				TEST_TARGET_NAME = SLJJUK;
			};
			name = Debug;
		};
		BFD29DA62F9F16BD007D4019 /* Release */ = {
			isa = XCBuildConfiguration;
			buildSettings = {
				CODE_SIGN_STYLE = Automatic;
				CURRENT_PROJECT_VERSION = 1;
				GENERATE_INFOPLIST_FILE = YES;
				MARKETING_VERSION = 1.0;
				PRODUCT_BUNDLE_IDENTIFIER = punkbug.SLJJUKUITests;
				PRODUCT_NAME = "$(TARGET_NAME)";
				SWIFT_EMIT_LOC_STRINGS = NO;
				SWIFT_VERSION = 5.0;
				TEST_TARGET_NAME = SLJJUK;
			};
			name = Release;
		};
/* End XCBuildConfiguration section */

/* Begin XCConfigurationList section */
		BFD29D742F9F16B9007D4019 /* Build configuration list for PBXProject "SLJJUK" */ = {
			isa = XCConfigurationList;
			buildConfigurations = (
				BFD29D9C2F9F16BD007D4019 /* Debug */,
				BFD29D9D2F9F16BD007D4019 /* Release */,
			);
			defaultConfigurationIsVisible = 0;
			defaultConfigurationName = Release;
		};
		BFD29D9E2F9F16BD007D4019 /* Build configuration list for PBXNativeTarget "SLJJUK" */ = {
			isa = XCConfigurationList;
			buildConfigurations = (
				BFD29D9F2F9F16BD007D4019 /* Debug */,
				BFD29DA02F9F16BD007D4019 /* Release */,
			);
			defaultConfigurationIsVisible = 0;
			defaultConfigurationName = Release;
		};
		BFD29DA12F9F16BD007D4019 /* Build configuration list for PBXNativeTarget "SLJJUKTests" */ = {
			isa = XCConfigurationList;
			buildConfigurations = (
				BFD29DA22F9F16BD007D4019 /* Debug */,
				BFD29DA32F9F16BD007D4019 /* Release */,
			);
			defaultConfigurationIsVisible = 0;
			defaultConfigurationName = Release;
		};
		BFD29DA42F9F16BD007D4019 /* Build configuration list for PBXNativeTarget "SLJJUKUITests" */ = {
			isa = XCConfigurationList;
			buildConfigurations = (
				BFD29DA52F9F16BD007D4019 /* Debug */,
				BFD29DA62F9F16BD007D4019 /* Release */,
			);
			defaultConfigurationIsVisible = 0;
			defaultConfigurationName = Release;
		};
/* End XCConfigurationList section */
	};
	rootObject = BFD29D712F9F16B9007D4019 /* Project object */;
}
